// !$*UTF8*$!
{
	archiveVersion = 1;
	classes = {
	};
	objectVersion = 50;
	objects = {

/* Begin PBXBuildFile section */
		74A1DA3524ADEAD700594E4E /* main.swift in Sources */ = {isa = PBXBuildFile; fileRef = 74A1DA3424ADEAD700594E4E /* main.swift */; };
		74A1DA3C24ADEB3F00594E4E /* ClosureTest.swift in Sources */ = {isa = PBXBuildFile; fileRef = 74A1DA3B24ADEB3F00594E4E /* ClosureTest.swift */; };
		74A1DA5A24AF062E00594E4E /* MemoStyle.swift in Sources */ = {isa = PBXBuildFile; fileRef = 74A1DA5924AF062E00594E4E /* MemoStyle.swift */; };
		74A1DA5C24BC537B00594E4E /* Singer.swift in Sources */ = {isa = PBXBuildFile; fileRef = 74A1DA5B24BC537B00594E4E /* Singer.swift */; };
/* End PBXBuildFile section */

/* Begin PBXCopyFilesBuildPhase section */
		74A1DA2F24ADEAD700594E4E /* CopyFiles */ = {
			isa = PBXCopyFilesBuildPhase;
			buildActionMask = 2147483647;
			dstPath = /usr/share/man/man1/;
			dstSubfolderSpec = 0;
			files = (
			);
			runOnlyForDeploymentPostprocessing = 1;
		};
/* End PBXCopyFilesBuildPhase section */

/* Begin PBXFileReference section */
		74A1DA3124ADEAD700594E4E /* ReferenceTest */ = {isa = PBXFileReference; explicitFileType = "compiled.mach-o.executable"; includeInIndex = 0; path = ReferenceTest; sourceTree = BUILT_PRODUCTS_DIR; };
		74A1DA3424ADEAD700594E4E /* main.swift */ = {isa = PBXFileReference; lastKnownFileType = sourcecode.swift; path = main.swift; sourceTree = "<group>"; };
		74A1DA3B24ADEB3F00594E4E /* ClosureTest.swift */ = {isa = PBXFileReference; lastKnownFileType = sourcecode.swift; path = ClosureTest.swift; sourceTree = "<group>"; };
		74A1DA5924AF062E00594E4E /* MemoStyle.swift */ = {isa = PBXFileReference; lastKnownFileType = sourcecode.swift; path = MemoStyle.swift; sourceTree = "<group>"; };
		74A1DA5B24BC537B00594E4E /* Singer.swift */ = {isa = PBXFileReference; lastKnownFileType = sourcecode.swift; path = Singer.swift; sourceTree = "<group>"; };
/* End PBXFileReference section */

/* Begin PBXFrameworksBuildPhase section */
		74A1DA2E24ADEAD700594E4E /* Frameworks */ = {
			isa = PBXFrameworksBuildPhase;
			buildActionMask = 2147483647;
			files = (
			);
			runOnlyForDeploymentPostprocessing = 0;
		};
/* End PBXFrameworksBuildPhase section */

/* Begin PBXGroup section */
		74A1DA2824ADEAD700594E4E = {
			isa = PBXGroup;
			children = (
				74A1DA3324ADEAD700594E4E /* ReferenceTest */,
				74A1DA3224ADEAD700594E4E /* Products */,
			);
			sourceTree = "<group>";
		};
		74A1DA3224ADEAD700594E4E /* Products */ = {
			isa = PBXGroup;
			children = (
				74A1DA3124ADEAD700594E4E /* ReferenceTest */,
			);
			name = Products;
			sourceTree = "<group>";
		};
		74A1DA3324ADEAD700594E4E /* ReferenceTest */ = {
			isa = PBXGroup;
			children = (
				74A1DA3424ADEAD700594E4E /* main.swift */,
				74A1DA3B24ADEB3F00594E4E /* ClosureTest.swift */,
				74A1DA5924AF062E00594E4E /* MemoStyle.swift */,
				74A1DA5B24BC537B00594E4E /* Singer.swift */,
			);
			path = ReferenceTest;
			sourceTree = "<group>";
		};
/* End PBXGroup section */

/* Begin PBXNativeTarget section */
		74A1DA3024ADEAD700594E4E /* ReferenceTest */ = {
			isa = PBXNativeTarget;
			buildConfigurationList = 74A1DA3824ADEAD700594E4E /* Build configuration list for PBXNativeTarget "ReferenceTest" */;
			buildPhases = (
				74A1DA2D24ADEAD700594E4E /* Sources */,
				74A1DA2E24ADEAD700594E4E /* Frameworks */,
				74A1DA2F24ADEAD700594E4E /* CopyFiles */,
			);
			buildRules = (
			);
			dependencies = (
			);
			name = ReferenceTest;
			productName = ReferenceTest;
			productReference = 74A1DA3124ADEAD700594E4E /* ReferenceTest */;
			productType = "com.apple.product-type.tool";
		};
/* End PBXNativeTarget section */

/* Begin PBXProject section */
		74A1DA2924ADEAD700594E4E /* Project object */ = {
			isa = PBXProject;
			attributes = {
				LastSwiftUpdateCheck = 1150;
				LastUpgradeCheck = 1150;
				ORGANIZATIONNAME = "박진수";
				TargetAttributes = {
					74A1DA3024ADEAD700594E4E = {
						CreatedOnToolsVersion = 11.5;
					};
				};
			};
			buildConfigurationList = 74A1DA2C24ADEAD700594E4E /* Build configuration list for PBXProject "ReferenceTest" */;
			compatibilityVersion = "Xcode 9.3";
			developmentRegion = en;
			hasScannedForEncodings = 0;
			knownRegions = (
				en,
				Base,
			);
			mainGroup = 74A1DA2824ADEAD700594E4E;
			productRefGroup = 74A1DA3224ADEAD700594E4E /* Products */;
			projectDirPath = "";
			projectRoot = "";
			targets = (
				74A1DA3024ADEAD700594E4E /* ReferenceTest */,
			);
		};
/* End PBXProject section */

/* Begin PBXSourcesBuildPhase section */
		74A1DA2D24ADEAD700594E4E /* Sources */ = {
			isa = PBXSourcesBuildPhase;
			buildActionMask = 2147483647;
			files = (
				74A1DA3C24ADEB3F00594E4E /* ClosureTest.swift in Sources */,
				74A1DA3524ADEAD700594E4E /* main.swift in Sources */,
				74A1DA5A24AF062E00594E4E /* MemoStyle.swift in Sources */,
				74A1DA5C24BC537B00594E4E /* Singer.swift in Sources */,
			);
			runOnlyForDeploymentPostprocessing = 0;
		};
/* End PBXSourcesBuildPhase section */

/* Begin XCBuildConfiguration section */
		74A1DA3624ADEAD700594E4E /* Debug */ = {
			isa = XCBuildConfiguration;
			buildSettings = {
				ALWAYS_SEARCH_USER_PATHS = NO;
				CLANG_ANALYZER_NONNULL = YES;
				CLANG_ANALYZER_NUMBER_OBJECT_CONVERSION = YES_AGGRESSIVE;
				CLANG_CXX_LANGUAGE_STANDARD = "gnu++14";
				CLANG_CXX_LIBRARY = "libc++";
				CLANG_ENABLE_MODULES = YES;
				CLANG_ENABLE_OBJC_ARC = YES;
				CLANG_ENABLE_OBJC_WEAK = YES;
				CLANG_WARN_BLOCK_CAPTURE_AUTORELEASING = YES;
				CLANG_WARN_BOOL_CONVERSION = YES;
				CLANG_WARN_COMMA = YES;
				CLANG_WARN_CONSTANT_CONVERSION = YES;
				CLANG_WARN_DEPRECATED_OBJC_IMPLEMENTATIONS = YES;
				CLANG_WARN_DIRECT_OBJC_ISA_USAGE = YES_ERROR;
				CLANG_WARN_DOCUMENTATION_COMMENTS = YES;
				CLANG_WARN_EMPTY_BODY = YES;
				CLANG_WARN_ENUM_CONVERSION = YES;
				CLANG_WARN_INFINITE_RECURSION = YES;
				CLANG_WARN_INT_CONVERSION = YES;
				CLANG_WARN_NON_LITERAL_NULL_CONVERSION = YES;
				CLANG_WARN_OBJC_IMPLICIT_RETAIN_SELF = YES;
				CLANG_WARN_OBJC_LITERAL_CONVERSION = YES;
				CLANG_WARN_OBJC_ROOT_CLASS = YES_ERROR;
				CLANG_WARN_RANGE_LOOP_ANALYSIS = YES;
				CLANG_WARN_STRICT_PROTOTYPES = YES;
				CLANG_WARN_SUSPICIOUS_MOVE = YES;
				CLANG_WARN_UNGUARDED_AVAILABILITY = YES_AGGRESSIVE;
				CLANG_WARN_UNREACHABLE_CODE = YES;
				CLANG_WARN__DUPLICATE_METHOD_MATCH = YES;
				COPY_PHASE_STRIP = NO;
				DEBUG_INFORMATION_FORMAT = dwarf;
				ENABLE_STRICT_OBJC_MSGSEND = YES;
				ENABLE_TESTABILITY = YES;
				GCC_C_LANGUAGE_STANDARD = gnu11;
				GCC_DYNAMIC_NO_PIC = NO;
				GCC_NO_COMMON_BLOCKS = YES;
				GCC_OPTIMIZATION_LEVEL = 0;
				GCC_PREPROCESSOR_DEFINITIONS = (
					"DEBUG=1",
					"$(inherited)",
				);
				GCC_WARN_64_TO_32_BIT_CONVERSION = YES;
				GCC_WARN_ABOUT_RETURN_TYPE = YES_ERROR;
				GCC_WARN_UNDECLARED_SELECTOR = YES;
				GCC_WARN_UNINITIALIZED_AUTOS = YES_AGGRESSIVE;
				GCC_WARN_UNUSED_FUNCTION = YES;
				GCC_WARN_UNUSED_VARIABLE = YES;
				MACOSX_DEPLOYMENT_TARGET = 10.15;
				MTL_ENABLE_DEBUG_INFO = INCLUDE_SOURCE;
				MTL_FAST_MATH = YES;
				ONLY_ACTIVE_ARCH = YES;
				SDKROOT = macosx;
				SWIFT_ACTIVE_COMPILATION_CONDITIONS = DEBUG;
				SWIFT_OPTIMIZATION_LEVEL = "-Onone";
			};
			name = Debug;
		};
		74A1DA3724ADEAD700594E4E /* Release */ = {
			isa = XCBuildConfiguration;
			buildSettings = {
				ALWAYS_SEARCH_USER_PATHS = NO;
				CLANG_ANALYZER_NONNULL = YES;
				CLANG_ANALYZER_NUMBER_OBJECT_CONVERSION = YES_AGGRESSIVE;
				CLANG_CXX_LANGUAGE_STANDARD = "gnu++14";
				CLANG_CXX_LIBRARY = "libc++";
				CLANG_ENABLE_MODULES = YES;
				CLANG_ENABLE_OBJC_ARC = YES;
				CLANG_ENABLE_OBJC_WEAK = YES;
				CLANG_WARN_BLOCK_CAPTURE_AUTORELEASING = YES;
				CLANG_WARN_BOOL_CONVERSION = YES;
				CLANG_WARN_COMMA = YES;
				CLANG_WARN_CONSTANT_CONVERSION = YES;
				CLANG_WARN_DEPRECATED_OBJC_IMPLEMENTATIONS = YES;
				CLANG_WARN_DIRECT_OBJC_ISA_USAGE = YES_ERROR;
				CLANG_WARN_DOCUMENTATION_COMMENTS = YES;
				CLANG_WARN_EMPTY_BODY = YES;
				CLANG_WARN_ENUM_CONVERSION = YES;
				CLANG_WARN_INFINITE_RECURSION = YES;
				CLANG_WARN_INT_CONVERSION = YES;
				CLANG_WARN_NON_LITERAL_NULL_CONVERSION = YES;
				CLANG_WARN_OBJC_IMPLICIT_RETAIN_SELF = YES;
				CLANG_WARN_OBJC_LITERAL_CONVERSION = YES;
				CLANG_WARN_OBJC_ROOT_CLASS = YES_ERROR;
				CLANG_WARN_RANGE_LOOP_ANALYSIS = YES;
				CLANG_WARN_STRICT_PROTOTYPES = YES;
				CLANG_WARN_SUSPICIOUS_MOVE = YES;
				CLANG_WARN_UNGUARDED_AVAILABILITY = YES_AGGRESSIVE;
				CLANG_WARN_UNREACHABLE_CODE = YES;
				CLANG_WARN__DUPLICATE_METHOD_MATCH = YES;
				COPY_PHASE_STRIP = NO;
				DEBUG_INFORMATION_FORMAT = "dwarf-with-dsym";
				ENABLE_NS_ASSERTIONS = NO;
				ENABLE_STRICT_OBJC_MSGSEND = YES;
				GCC_C_LANGUAGE_STANDARD = gnu11;
				GCC_NO_COMMON_BLOCKS = YES;
				GCC_WARN_64_TO_32_BIT_CONVERSION = YES;
				GCC_WARN_ABOUT_RETURN_TYPE = YES_ERROR;
				GCC_WARN_UNDECLARED_SELECTOR = YES;
				GCC_WARN_UNINITIALIZED_AUTOS = YES_AGGRESSIVE;
				GCC_WARN_UNUSED_FUNCTION = YES;
				GCC_WARN_UNUSED_VARIABLE = YES;
				MACOSX_DEPLOYMENT_TARGET = 10.15;
				MTL_ENABLE_DEBUG_INFO = NO;
				MTL_FAST_MATH = YES;
				SDKROOT = macosx;
				SWIFT_COMPILATION_MODE = wholemodule;
				SWIFT_OPTIMIZATION_LEVEL = "-O";
			};
			name = Release;
		};
		74A1DA3924ADEAD700594E4E /* Debug */ = {
			isa = XCBuildConfiguration;
			buildSettings = {
				CODE_SIGN_STYLE = Automatic;
				DEVELOPMENT_TEAM = HSKSVJPZJD;
				ENABLE_HARDENED_RUNTIME = YES;
				PRODUCT_NAME = "$(TARGET_NAME)";
				SWIFT_VERSION = 5.0;
			};
			name = Debug;
		};
		74A1DA3A24ADEAD700594E4E /* Release */ = {
			isa = XCBuildConfiguration;
			buildSettings = {
				CODE_SIGN_STYLE = Automatic;
				DEVELOPMENT_TEAM = HSKSVJPZJD;
				ENABLE_HARDENED_RUNTIME = YES;
				PRODUCT_NAME = "$(TARGET_NAME)";
				SWIFT_VERSION = 5.0;
			};
			name = Release;
		};
/* End XCBuildConfiguration section */

/* Begin XCConfigurationList section */
		74A1DA2C24ADEAD700594E4E /* Build configuration list for PBXProject "ReferenceTest" */ = {
			isa = XCConfigurationList;
			buildConfigurations = (
				74A1DA3624ADEAD700594E4E /* Debug */,
				74A1DA3724ADEAD700594E4E /* Release */,
			);
			defaultConfigurationIsVisible = 0;
			defaultConfigurationName = Release;
		};
		74A1DA3824ADEAD700594E4E /* Build configuration list for PBXNativeTarget "ReferenceTest" */ = {
			isa = XCConfigurationList;
			buildConfigurations = (
				74A1DA3924ADEAD700594E4E /* Debug */,
				74A1DA3A24ADEAD700594E4E /* Release */,
			);
			defaultConfigurationIsVisible = 0;
			defaultConfigurationName = Release;
		};
/* End XCConfigurationList section */
	};
	rootObject = 74A1DA2924ADEAD700594E4E /* Project object */;
}
